
Microsoft Visual Studio Solution File, Format Version 12.00
# Visual Studio Version 17
VisualStudioVersion = 17.5.002.0
MinimumVisualStudioVersion = 10.0.40219.1
Project("{9A19103F-16F7-4668-BE54-9A1E7A4F7556}") = "POO-Csharp", "POO-Csharp.csproj", "{D6AD5511-A5A5-401A-882F-C3A98F72B213}"
EndProject
Global
	GlobalSection(SolutionConfigurationPlatforms) = preSolution
		Debug|Any CPU = Debug|Any CPU
		Release|Any CPU = Release|Any CPU
	EndGlobalSection
	GlobalSection(ProjectConfigurationPlatforms) = postSolution
		{D6AD5511-A5A5-401A-882F-C3A98F72B213}.Debug|Any CPU.ActiveCfg = Debug|Any CPU
		{D6AD5511-A5A5-401A-882F-C3A98F72B213}.Debug|Any CPU.Build.0 = Debug|Any CPU
		{D6AD5511-A5A5-401A-882F-C3A98F72B213}.Release|Any CPU.ActiveCfg = Release|Any CPU
		{D6AD5511-A5A5-401A-882F-C3A98F72B213}.Release|Any CPU.Build.0 = Release|Any CPU
	EndGlobalSection
	GlobalSection(SolutionProperties) = preSolution
		HideSolutionNode = FALSE
	EndGlobalSection
	GlobalSection(ExtensibilityGlobals) = postSolution
		SolutionGuid = {C1790BA5-430B-4341-9340-772C7708FCEB}
	EndGlobalSection
EndGlobal
